Microsoft Visual Studio Solution File, Format Version 12.00
# Visual Studio Version 17
VisualStudioVersion = 17.5.2.0
MinimumVisualStudioVersion = 10.0.40219.1
Project("{FAE04EC0-301F-11D3-BF4B-00C04F79EFBC}") = "CakeMod", "CakeMod.csproj", "{8759EF7E-BDB3-05EA-72F1-370CCAD161A3}"
EndProject
Global
	GlobalSection(SolutionConfigurationPlatforms) = preSolution
		Debug|Any CPU = Debug|Any CPU
		Release|Any CPU = Release|Any CPU
	EndGlobalSection
	GlobalSection(ProjectConfigurationPlatforms) = postSolution
		{8759EF7E-BDB3-05EA-72F1-370CCAD161A3}.Debug|Any CPU.ActiveCfg = Debug|Any CPU
		{8759EF7E-BDB3-05EA-72F1-370CCAD161A3}.Debug|Any CPU.Build.0 = Debug|Any CPU
		{8759EF7E-BDB3-05EA-72F1-370CCAD161A3}.Release|Any CPU.ActiveCfg = Release|Any CPU
		{8759EF7E-BDB3-05EA-72F1-370CCAD161A3}.Release|Any CPU.Build.0 = Release|Any CPU
	EndGlobalSection
	GlobalSection(SolutionProperties) = preSolution
		HideSolutionNode = FALSE
	EndGlobalSection
	GlobalSection(ExtensibilityGlobals) = postSolution
		SolutionGuid = {5E638365-B15A-4985-8884-4BF8ECF35178}
	EndGlobalSection
EndGlobal
